<?xml version="1.0" encoding="utf-8"?>
<Project ToolsVersion="4.0" xmlns="http://schemas.microsoft.com/developer/msbuild/2003">
  <ItemGroup>
    <Filter Include="Source Files">
      <UniqueIdentifier>{4FC737F1-C7A5-4376-A066-2A32D752A2FF}</UniqueIdentifier>
      <Extensions>cpp;c;cc;cxx;c++;cppm;ixx;def;odl;idl;hpj;bat;asm;asmx</Extensions>
    </Filter>
    <Filter Include="Header Files">
      <UniqueIdentifier>{93995380-89BD-4b04-88EB-625FBE52EBFB}</UniqueIdentifier>
      <Extensions>h;hh;hpp;hxx;h++;hm;inl;inc;ipp;xsd</Extensions>
    </Filter>
    <Filter Include="Resource Files">
      <UniqueIdentifier>{67DA6AB6-F800-4c08-8B7A-83BB121AAD01}</UniqueIdentifier>
      <Extensions>rc;ico;cur;bmp;dlg;rc2;rct;bin;rgs;gif;jpg;jpeg;jpe;resx;tiff;tif;png;wav;mfcribbon-ms</Extensions>
    </Filter>
    <Filter Include="Source Files\nlohmann">
      <UniqueIdentifier>{1a78d699-b754-4864-bc91-ef9a2ba223ad}</UniqueIdentifier>
    </Filter>
  </ItemGroup>
  <ItemGroup>
    <ClCompile Include="Benchmark.cpp">
      <Filter>Source Files</Filter>
    </ClCompile>
    <ClCompile Include="CardsData.cpp">
      <Filter>Source Files</Filter>
    </ClCompile>
    <ClCompile Include="ImageData.cpp">
      <Filter>Source Files</Filter>
    </ClCompile>
    <ClCompile Include="PointData.cpp">
      <Filter>Source Files</Filter>
    </ClCompile>
  </ItemGroup>
  <ItemGroup>
    <ClInclude Include="nlohmann\json.hpp">
      <Filter>Source Files\nlohmann</Filter>
    </ClInclude>
    <ClInclude Include="CardsData.h">
      <Filter>Header Files</Filter>
    </ClInclude>
    <ClInclude Include="ImageData.h">
      <Filter>Header Files</Filter>
    </ClInclude>
    <ClInclude Include="PointData.h">
      <Filter>Header Files</Filter>
    </ClInclude>
  </ItemGroup>
  <ItemGroup>
    <Image Include="resources\cartes.jpg">
      <Filter>Resource Files</Filter>
    </Image>
    <Image Include="resources\cartes-badlight.png">
      <Filter>Resource Files</Filter>
    </Image>
    <Image Include="resources\party-1.png">
      <Filter>Resource Files</Filter>
    </Image>
    <Image Include="resources\party-2.png">
      <Filter>Resource Files</Filter>
    </Image>
    <Image Include="resources\table-easy1.jpg">
      <Filter>Resource Files</Filter>
    </Image>
    <Image Include="resources\table-easy2.jpg">
      <Filter>Resource Files</Filter>
    </Image>
    <Image Include="resources\table-easy3.jpg">
      <Filter>Resource Files</Filter>
    </Image>
    <Image Include="resources\table-easy4.jpg">
      <Filter>Resource Files</Filter>
    </Image>
    <Image Include="resources\table-easy5.jpg">
      <Filter>Resource Files</Filter>
    </Image>
    <Image Include="resources\table-easy6.jpg">
      <Filter>Resource Files</Filter>
    </Image>
    <Image Include="resources\table-hard1.jpg">
      <Filter>Resource Files</Filter>
    </Image>
    <Image Include="resources\table-hard2.jpg">
      <Filter>Resource Files</Filter>
    </Image>
    <Image Include="resources\table-hard3.jpg">
      <Filter>Resource Files</Filter>
    </Image>
    <Image Include="resources\table-hard4.jpg">
      <Filter>Resource Files</Filter>
    </Image>
    <Image Include="resources\table-hard5.jpg">
      <Filter>Resource Files</Filter>
    </Image>
    <Image Include="resources\table-hard6.jpg">
      <Filter>Resource Files</Filter>
    </Image>
    <Image Include="resources\table-hard7.jpg">
      <Filter>Resource Files</Filter>
    </Image>
    <Image Include="resources\table-medium1.jpg">
      <Filter>Resource Files</Filter>
    </Image>
    <Image Include="resources\table-medium2.jpg">
      <Filter>Resource Files</Filter>
    </Image>
    <Image Include="resources\table-medium3.jpg">
      <Filter>Resource Files</Filter>
    </Image>
    <Image Include="resources\table-medium4.jpg">
      <Filter>Resource Files</Filter>
    </Image>
    <Image Include="resources\table-medium5.jpg">
      <Filter>Resource Files</Filter>
    </Image>
    <Image Include="resources\table-medium6.jpg">
      <Filter>Resource Files</Filter>
    </Image>
    <Image Include="resources\table-medium7.jpg">
      <Filter>Resource Files</Filter>
    </Image>
    <Image Include="resources\table-medium8.jpg">
      <Filter>Resource Files</Filter>
    </Image>
    <Image Include="resources\test-1.png">
      <Filter>Resource Files</Filter>
    </Image>
    <Image Include="resources\test-2.png">
      <Filter>Resource Files</Filter>
    </Image>
    <Image Include="resources\test-3.png">
      <Filter>Resource Files</Filter>
    </Image>
    <Image Include="resources\test-4.png">
      <Filter>Resource Files</Filter>
    </Image>
  </ItemGroup>
</Project>